
Microsoft Visual Studio Solution File, Format Version 12.00
# Visual Studio 2017
Project("{FAE04EC0-301F-11D3-BF4B-00C04F79EFBC}") = "MultiPong", "MultiPong.csproj", "{260B2330-FAAE-2AE5-5CDD-9755B16C7407}"
EndProject
Global
	GlobalSection(SolutionConfigurationPlatforms) = preSolution
		Debug|Any CPU = Debug|Any CPU
		Release|Any CPU = Release|Any CPU
	EndGlobalSection
	GlobalSection(ProjectConfigurationPlatforms) = postSolution
		{260B2330-FAAE-2AE5-5CDD-9755B16C7407}.Debug|Any CPU.ActiveCfg = Debug|Any CPU
		{260B2330-FAAE-2AE5-5CDD-9755B16C7407}.Debug|Any CPU.Build.0 = Debug|Any CPU
		{260B2330-FAAE-2AE5-5CDD-9755B16C7407}.Release|Any CPU.ActiveCfg = Release|Any CPU
		{260B2330-FAAE-2AE5-5CDD-9755B16C7407}.Release|Any CPU.Build.0 = Release|Any CPU
	EndGlobalSection
	GlobalSection(SolutionProperties) = preSolution
		HideSolutionNode = FALSE
	EndGlobalSection
EndGlobal
